
Microsoft Visual Studio Solution File, Format Version 12.00
# Visual Studio Version 17
VisualStudioVersion = 17.14.36212.18 d17.14
MinimumVisualStudioVersion = 10.0.40219.1
Project("{FAE04EC0-301F-11D3-BF4B-00C04F79EFBC}") = "LocationWeatherReport", "LocationWeatherReport\LocationWeatherReport.csproj", "{436A2A64-BD3F-4892-BA62-50825060A59A}"
EndProject
Global
	GlobalSection(SolutionConfigurationPlatforms) = preSolution
		Debug|Any CPU = Debug|Any CPU
		Release|Any CPU = Release|Any CPU
	EndGlobalSection
	GlobalSection(ProjectConfigurationPlatforms) = postSolution
		{436A2A64-BD3F-4892-BA62-50825060A59A}.Debug|Any CPU.ActiveCfg = Debug|Any CPU
		{436A2A64-BD3F-4892-BA62-50825060A59A}.Debug|Any CPU.Build.0 = Debug|Any CPU
		{436A2A64-BD3F-4892-BA62-50825060A59A}.Release|Any CPU.ActiveCfg = Release|Any CPU
		{436A2A64-BD3F-4892-BA62-50825060A59A}.Release|Any CPU.Build.0 = Release|Any CPU
	EndGlobalSection
	GlobalSection(SolutionProperties) = preSolution
		HideSolutionNode = FALSE
	EndGlobalSection
	GlobalSection(ExtensibilityGlobals) = postSolution
		SolutionGuid = {1E4DDA35-6130-4E98-AEBE-005BEE922CE6}
	EndGlobalSection
EndGlobal
